
Microsoft Visual Studio Solution File, Format Version 12.00
Project("{FAE04EC0-301F-11D3-BF4B-00C04F79EFBC}") = "API", "API\API.csproj", "{79E9261F-0871-4F86-B48E-C03C936598FF}"
EndProject
Global
	GlobalSection(SolutionConfigurationPlatforms) = preSolution
		Debug|Any CPU = Debug|Any CPU
		Release|Any CPU = Release|Any CPU
	EndGlobalSection
	GlobalSection(ProjectConfigurationPlatforms) = postSolution
		{79E9261F-0871-4F86-B48E-C03C936598FF}.Debug|Any CPU.ActiveCfg = Debug|Any CPU
		{79E9261F-0871-4F86-B48E-C03C936598FF}.Debug|Any CPU.Build.0 = Debug|Any CPU
		{79E9261F-0871-4F86-B48E-C03C936598FF}.Release|Any CPU.ActiveCfg = Release|Any CPU
		{79E9261F-0871-4F86-B48E-C03C936598FF}.Release|Any CPU.Build.0 = Release|Any CPU
	EndGlobalSection
EndGlobal
